# This is a Gradle dependency locking file.
# This file is intended to be committed to version control.
# This is a generated file, do not modify manually.
# A dependency lock file can be re-generated using the `./gradlew dependencies --write-locks` command.

com.google.code.gson:gson:2.8.9:compileClasspath=2.8.9
com.squareup.retrofit2:retrofit:2.9.0:compileClasspath=2.9.0
io.reactivex.rxjava3:rxjava:3.1.6:compileClasspath=3.1.6
com.squareup.okhttp3:okhttp:4.11.0:compileClasspath=4.11.0
junit:junit:4.13.2:testCompileClasspath=4.13.2
org.jetbrains.kotlin:kotlin-stdlib:1.9.0:compileClasspath=1.9.0
com.google.guava:guava:32.1.1-jre:compileClasspath=32.1.1-jre

empty=unused
